{
    "_readme": [
        "This file locks the dependencies of your project to a known state",
        "Read more about it at https://getcomposer.org/doc/01-basic-usage.md#installing-dependencies",
        "This file is @generated automatically"
    ],
    "content-hash": "fdc5c0ea3157cd4634c5ed6a3fd84192",
    "packages": [
        {
            "name": "igorescobar/jquery-mask-plugin",
            "version": "v1.14.1",
            "source": {
                "type": "git",
                "url": "https://github.com/kamihouse/jQuery-Mask-Plugin.git",
                "reference": "678a7df1f0bb275ce53f365b91af99d86850978d"
            },
            "dist": {
                "type": "zip",
                "url": "https://api.github.com/repos/kamihouse/jQuery-Mask-Plugin/zipball/678a7df1f0bb275ce53f365b91af99d86850978d",
                "reference": "678a7df1f0bb275ce53f365b91af99d86850978d",
                "shasum": ""
            },
            "type": "library",
            "notification-url": "https://packagist.org/downloads/",
            "license": [
                "MIT"
            ],
            "authors": [
                {
                    "name": "Igor Escobar",
                    "email": "blog@igorescobar.com",
                    "homepage": "https://about.me/igorescobar",
                    "role": "Developer"
                },
                {
                    "name": "Thiago Pereira Rosa",
                    "email": "thiagor@engineer.com",
                    "homepage": "http://coderi.com.br",
                    "role": "Contributor"
                }
            ],
            "description": "A jQuery Plugin to make masks on form fields and html elements.",
            "homepage": "https://github.com/igorescobar/jQuery-Mask-Plugin",
            "keywords": [
                "jquery",
                "mask",
                "plugin"
            ],
            "support": {
                "issues": "https://github.com/igorescobar/jQuery-Mask-Plugin/issues",
                "source": "https://github.com/kamihouse/jQuery-Mask-Plugin/tree/v1.14.1"
            },
            "time": "2016-04-27T16:16:55+00:00"
        }
    ],
    "packages-dev": [],
    "aliases": [],
    "minimum-stability": "stable",
    "stability-flags": [],
    "prefer-stable": false,
    "prefer-lowest": false,
    "platform": [],
    "platform-dev": [],
    "plugin-api-version": "2.3.0"
}
